
Microsoft Visual Studio Solution File, Format Version 12.00
# Visual Studio Version 17
VisualStudioVersion = 17.11.35222.181
MinimumVisualStudioVersion = 10.0.40219.1
Project("{8BC9CEB8-8B4A-11D0-8D11-00A0C91BC942}") = "tilebreak", "tilebreak.vcxproj", "{45180FF9-9012-4795-AC33-DE879E9E1467}"
EndProject
Global
	GlobalSection(SolutionConfigurationPlatforms) = preSolution
		Debug|x64 = Debug|x64
		Debug|x86 = Debug|x86
		Release|x64 = Release|x64
		Release|x86 = Release|x86
	EndGlobalSection
	GlobalSection(ProjectConfigurationPlatforms) = postSolution
		{45180FF9-9012-4795-AC33-DE879E9E1467}.Debug|x64.ActiveCfg = Debug|x64
		{45180FF9-9012-4795-AC33-DE879E9E1467}.Debug|x64.Build.0 = Debug|x64
		{45180FF9-9012-4795-AC33-DE879E9E1467}.Debug|x86.ActiveCfg = Debug|Win32
		{45180FF9-9012-4795-AC33-DE879E9E1467}.Debug|x86.Build.0 = Debug|Win32
		{45180FF9-9012-4795-AC33-DE879E9E1467}.Release|x64.ActiveCfg = Release|x64
		{45180FF9-9012-4795-AC33-DE879E9E1467}.Release|x64.Build.0 = Release|x64
		{45180FF9-9012-4795-AC33-DE879E9E1467}.Release|x86.ActiveCfg = Release|Win32
		{45180FF9-9012-4795-AC33-DE879E9E1467}.Release|x86.Build.0 = Release|Win32
	EndGlobalSection
	GlobalSection(SolutionProperties) = preSolution
		HideSolutionNode = FALSE
	EndGlobalSection
	GlobalSection(ExtensibilityGlobals) = postSolution
		SolutionGuid = {42C33F29-A352-4BD7-B58C-FE32F1CD41F7}
	EndGlobalSection
EndGlobal
